
Microsoft Visual Studio Solution File, Format Version 12.00
# Visual Studio Version 17
VisualStudioVersion = 17.10.35013.160
MinimumVisualStudioVersion = 10.0.40219.1
Project("{FAE04EC0-301F-11D3-BF4B-00C04F79EFBC}") = "practicas", "practicas\practicas.csproj", "{DA969F7C-52F0-45B1-8E03-BF702195F4ED}"
EndProject
Global
	GlobalSection(SolutionConfigurationPlatforms) = preSolution
		Debug|Any CPU = Debug|Any CPU
		Release|Any CPU = Release|Any CPU
	EndGlobalSection
	GlobalSection(ProjectConfigurationPlatforms) = postSolution
		{DA969F7C-52F0-45B1-8E03-BF702195F4ED}.Debug|Any CPU.ActiveCfg = Debug|Any CPU
		{DA969F7C-52F0-45B1-8E03-BF702195F4ED}.Debug|Any CPU.Build.0 = Debug|Any CPU
		{DA969F7C-52F0-45B1-8E03-BF702195F4ED}.Release|Any CPU.ActiveCfg = Release|Any CPU
		{DA969F7C-52F0-45B1-8E03-BF702195F4ED}.Release|Any CPU.Build.0 = Release|Any CPU
	EndGlobalSection
	GlobalSection(SolutionProperties) = preSolution
		HideSolutionNode = FALSE
	EndGlobalSection
	GlobalSection(ExtensibilityGlobals) = postSolution
		SolutionGuid = {EA4906AB-B73B-442E-8A92-40B516CE5E31}
	EndGlobalSection
EndGlobal
